
Microsoft Visual Studio Solution File, Format Version 12.00
# Visual Studio 15
VisualStudioVersion = 15.0.28307.136
MinimumVisualStudioVersion = 10.0.40219.1
Project("{FAE04EC0-301F-11D3-BF4B-00C04F79EFBC}") = "TermProject", "TermProject\TermProject.csproj", "{BD9A6A60-E8A5-4957-91F6-D5A63414EC32}"
EndProject
Global
	GlobalSection(SolutionConfigurationPlatforms) = preSolution
		Debug|Any CPU = Debug|Any CPU
		Release|Any CPU = Release|Any CPU
	EndGlobalSection
	GlobalSection(ProjectConfigurationPlatforms) = postSolution
		{BD9A6A60-E8A5-4957-91F6-D5A63414EC32}.Debug|Any CPU.ActiveCfg = Debug|Any CPU
		{BD9A6A60-E8A5-4957-91F6-D5A63414EC32}.Debug|Any CPU.Build.0 = Debug|Any CPU
		{BD9A6A60-E8A5-4957-91F6-D5A63414EC32}.Debug|Any CPU.Deploy.0 = Debug|Any CPU
		{BD9A6A60-E8A5-4957-91F6-D5A63414EC32}.Release|Any CPU.ActiveCfg = Release|Any CPU
		{BD9A6A60-E8A5-4957-91F6-D5A63414EC32}.Release|Any CPU.Build.0 = Release|Any CPU
		{BD9A6A60-E8A5-4957-91F6-D5A63414EC32}.Release|Any CPU.Deploy.0 = Release|Any CPU
	EndGlobalSection
	GlobalSection(SolutionProperties) = preSolution
		HideSolutionNode = FALSE
	EndGlobalSection
	GlobalSection(ExtensibilityGlobals) = postSolution
		SolutionGuid = {CE6A85D6-89CD-4621-8966-E7F6597DA96D}
	EndGlobalSection
EndGlobal
